
Microsoft Visual Studio Solution File, Format Version 11.00
# Visual Studio 2010
Project("{FAE04EC0-301F-11D3-BF4B-00C04F79EFBC}") = "SvkLocker", "FolderLock\SvkLocker.csproj", "{AFCFE069-D261-4D11-9E67-999C9CDFA895}"
EndProject
Project("{54435603-DBB4-11D2-8724-00A0C9A8B90C}") = "SvkLockerSetup", "SvkLockerSetup\SvkLockerSetup.vdproj", "{2BDBB21A-AF00-4E6C-9062-B440903B4019}"
EndProject
Global
	GlobalSection(SolutionConfigurationPlatforms) = preSolution
		Debug|Any CPU = Debug|Any CPU
		Release|Any CPU = Release|Any CPU
	EndGlobalSection
	GlobalSection(ProjectConfigurationPlatforms) = postSolution
		{AFCFE069-D261-4D11-9E67-999C9CDFA895}.Debug|Any CPU.ActiveCfg = Debug|Any CPU
		{AFCFE069-D261-4D11-9E67-999C9CDFA895}.Debug|Any CPU.Build.0 = Debug|Any CPU
		{AFCFE069-D261-4D11-9E67-999C9CDFA895}.Release|Any CPU.ActiveCfg = Release|Any CPU
		{AFCFE069-D261-4D11-9E67-999C9CDFA895}.Release|Any CPU.Build.0 = Release|Any CPU
		{2BDBB21A-AF00-4E6C-9062-B440903B4019}.Debug|Any CPU.ActiveCfg = Debug
		{2BDBB21A-AF00-4E6C-9062-B440903B4019}.Release|Any CPU.ActiveCfg = Release
	EndGlobalSection
	GlobalSection(SolutionProperties) = preSolution
		HideSolutionNode = FALSE
	EndGlobalSection
EndGlobal
